github.com/davecgh/go-spew v1.1.0/go.mod h1:J7Y8YcW2NihsgmVo/mv3lAwl/skON4iLHjSsI+c5H38=
github.com/davecgh/go-spew v1.1.1 h1:vj9j/u1bqnvCEfJOwUhtlOARqs3+rkHYY13jYWTU97c=
github.com/fsnotify/fsnotify v1.7.0 h1:8JEhPFa5W2WU7YfeZzPNqzMP6Lwt7L2715Ggo0nosvA=
github.com/gobwas/glob v0.2.3 h1:A4xDbljILXROh+kObIiy5kIaPYD8e96x1tgBhUI5J+Y=
github.com/gobwas/glob v0.2.3/go.mod h1:d3Ez4x06l9bZtSvzIay5+Yzi0fmZzPgnTbPcKjJAkT8=
github.com/google/go-cmp v0.6.0 h1:ofyhxvXcZhMsU5ulbFiLKl/XBFqE1GSq7atu8tAmTRI=
github.com/google/go-cmp v0.6.0/go.mod h1:17dUlkBOakJ0+DkrSSNjCkIjxS6bF9zb3elmeNGIjoY=
github.com/nxadm/tail v1.4.11 h1:8feyoE3OzPrcshW5/MJ4sGESc5cqmGkGCWlco4l0bqY=
github.com/onsi/ginkgo v1.16.5 h1:8xi0RTUf59SOSfEtZMvwTvXYMzG4gV23XVHOZiXNtnE=
github.com/onsi/gomega v1.30.0 h1:hvMK7xYz4D3HapigLTeGdId/NcfQx1VHMJc60ew99+8=
github.com/onsi/gomega v1.31.1 h1:KYppCUK+bUgAZwHOu7EXVBKyQA6ILvOESHkn/tgoqvo=
github.com/peterbourgon/ff/v3 v3.4.0 h1:QBvM/rizZM1cB0p0lGMdmR7HxZeI/ZrBWB4DqLkMUBc=
github.com/peterbourgon/ff/v3 v3.4.0/go.mod h1:zjJVUhx+twciwfDl0zBcFzl4dW8axCRyXE/eKY9RztQ=
github.com/pioz/faker v1.7.3 h1:Tez8Emuq0UN+/d6mo3a9m/9ZZ/zdfJk0c5RtRatrceM=
github.com/pioz/faker v1.7.3/go.mod h1:xSpay5w/oz1a6+ww0M3vfpe40pSIykeUPeWEc3TvVlc=
github.com/pmezard/go-difflib v1.0.0 h1:4DBwDE0NGyQoBHbLQYPwSUPoCMWR5BEzIk/f1lZbAQM=
github.com/pmezard/go-difflib v1.0.0/go.mod h1:iKH77koFhYxTK1pcRnkKkqfTogsbg7gZNVY4sRDYZ/4=
github.com/redhatinsights/platform-go-middlewares/v2 v2.0.0-20240118174021-7836c2be5281 h1:L20lFlHbO92CNOH+xNM3U+TnSQfnSPIZdUjgIhtCIl0=
github.com/redhatinsights/platform-go-middlewares/v2 v2.0.0-20240118174021-7836c2be5281/go.mod h1:GI4AFQc+iHCvHGbbuY1roOY7KXKDqWbldRemReHk7Pk=
github.com/redhatinsights/platform-go-middlewares/v2 v2.0.0-beta.2 h1:pEDiKYqxEoZT6Mx7B57rYqIgmYyly0f8JfzfY38b9T4=
github.com/redhatinsights/platform-go-middlewares/v2 v2.0.0-beta.2/go.mod h1:Ipl1kmvhZSpgRoe7MyJNK+VAvGG1cIqn535TuId5npw=
github.com/sgreben/flagvar v1.10.1 h1:ukN3zqVj9T9U7CiKG6owmejxswJYMbAg9Mxkhi1B4tw=
github.com/sgreben/flagvar v1.10.1/go.mod h1:AxDmbFDIxZ4dHj2zg8LxuJn5CSwSS28iY/Wy56e+nhI=
github.com/stretchr/objx v0.1.0/go.mod h1:HFkY916IF+rwdDfMAkV7OtwuqBVzrE8GR6GFx+wExME=
github.com/stretchr/testify v1.6.1/go.mod h1:6Fq8oRcR53rry900zMqJjRRixrwX3KX962/h/Wwjteg=
github.com/stretchr/testify v1.8.4 h1:CcVxjf3Q8PM0mHUKJCdn+eZZtm5yQwehR5yeSVQQcUk=
go.openly.dev/pointy v1.3.0 h1:keht3ObkbDNdY8PWPwB7Kcqk+MAlNStk5kXZTxukE68=
go.openly.dev/pointy v1.3.0/go.mod h1:rccSKiQDQ2QkNfSVT2KG8Budnfhf3At8IWxy/3ElYes=
golang.org/x/net v0.19.0 h1:zTwKpTd2XuCqf8huc7Fo2iSy+4RHPd10s4KzeTnVr1c=
golang.org/x/sys v0.15.0 h1:h48lPFYpsTvQJZF4EKyI4aLHaev3CxivZmv7yZig9pc=
golang.org/x/text v0.14.0 h1:ScX5w1eTa3QqT8oi6+ziP7dTV1S2+ALU0bI+0zXKWiQ=
gopkg.in/check.v1 v0.0.0-20161208181325-20d25e280405/go.mod h1:Co6ibVJAznAaIkqp8huTwlJQCZ016jof/cbN4VW5Yz0=
gopkg.in/tomb.v1 v1.0.0-20141024135613-dd632973f1e7 h1:uRGJdciOHaEIrze2W8Q3AKkepLTh2hOroT7a+7czfdQ=
gopkg.in/yaml.v3 v3.0.0-20200313102051-9f266ea9e77c/go.mod h1:K4uyk7z7BCEPqu6E+C64Yfv1cQ7kz7rIZviUmN+EgEM=
gopkg.in/yaml.v3 v3.0.1 h1:fxVm/GzAzEWqLHuvctI91KS9hhNmmWOoWu0XTYJS7CA=
